
Microsoft Visual Studio Solution File, Format Version 12.00
# Visual Studio Version 16
VisualStudioVersion = 16.0.30717.126
MinimumVisualStudioVersion = 10.0.40219.1
Project("{FAE04EC0-301F-11D3-BF4B-00C04F79EFBC}") = "Day Eleven", "Day Eleven\Day Eleven.csproj", "{ECED6F47-9CD8-4132-93CD-F36C80D7185E}"
EndProject
Global
	GlobalSection(SolutionConfigurationPlatforms) = preSolution
		Debug|Any CPU = Debug|Any CPU
		Release|Any CPU = Release|Any CPU
	EndGlobalSection
	GlobalSection(ProjectConfigurationPlatforms) = postSolution
		{ECED6F47-9CD8-4132-93CD-F36C80D7185E}.Debug|Any CPU.ActiveCfg = Debug|Any CPU
		{ECED6F47-9CD8-4132-93CD-F36C80D7185E}.Debug|Any CPU.Build.0 = Debug|Any CPU
		{ECED6F47-9CD8-4132-93CD-F36C80D7185E}.Release|Any CPU.ActiveCfg = Release|Any CPU
		{ECED6F47-9CD8-4132-93CD-F36C80D7185E}.Release|Any CPU.Build.0 = Release|Any CPU
	EndGlobalSection
	GlobalSection(SolutionProperties) = preSolution
		HideSolutionNode = FALSE
	EndGlobalSection
	GlobalSection(ExtensibilityGlobals) = postSolution
		SolutionGuid = {7D1F9B41-95AD-49ED-B744-9BFEC94733E3}
	EndGlobalSection
EndGlobal
