
Microsoft Visual Studio Solution File, Format Version 12.00
# Visual Studio Version 16
VisualStudioVersion = 16.0.30717.126
MinimumVisualStudioVersion = 10.0.40219.1
Project("{FAE04EC0-301F-11D3-BF4B-00C04F79EFBC}") = "Day Nine", "Day Nine\Day Nine.csproj", "{24834AB0-EA99-40F6-A616-B330B4101337}"
EndProject
Global
	GlobalSection(SolutionConfigurationPlatforms) = preSolution
		Debug|Any CPU = Debug|Any CPU
		Release|Any CPU = Release|Any CPU
	EndGlobalSection
	GlobalSection(ProjectConfigurationPlatforms) = postSolution
		{24834AB0-EA99-40F6-A616-B330B4101337}.Debug|Any CPU.ActiveCfg = Debug|Any CPU
		{24834AB0-EA99-40F6-A616-B330B4101337}.Debug|Any CPU.Build.0 = Debug|Any CPU
		{24834AB0-EA99-40F6-A616-B330B4101337}.Release|Any CPU.ActiveCfg = Release|Any CPU
		{24834AB0-EA99-40F6-A616-B330B4101337}.Release|Any CPU.Build.0 = Release|Any CPU
	EndGlobalSection
	GlobalSection(SolutionProperties) = preSolution
		HideSolutionNode = FALSE
	EndGlobalSection
	GlobalSection(ExtensibilityGlobals) = postSolution
		SolutionGuid = {FC6F7B53-24B1-4F0E-8C48-B36CFC55D16D}
	EndGlobalSection
EndGlobal
