
Microsoft Visual Studio Solution File, Format Version 12.00
# Visual Studio Version 16
VisualStudioVersion = 16.0.30717.126
MinimumVisualStudioVersion = 10.0.40219.1
Project("{FAE04EC0-301F-11D3-BF4B-00C04F79EFBC}") = "Day Two", "Day Two\Day Two.csproj", "{38D13617-DF0C-4DA2-A7D8-0A88B6A0610A}"
EndProject
Global
	GlobalSection(SolutionConfigurationPlatforms) = preSolution
		Debug|Any CPU = Debug|Any CPU
		Release|Any CPU = Release|Any CPU
	EndGlobalSection
	GlobalSection(ProjectConfigurationPlatforms) = postSolution
		{38D13617-DF0C-4DA2-A7D8-0A88B6A0610A}.Debug|Any CPU.ActiveCfg = Debug|Any CPU
		{38D13617-DF0C-4DA2-A7D8-0A88B6A0610A}.Debug|Any CPU.Build.0 = Debug|Any CPU
		{38D13617-DF0C-4DA2-A7D8-0A88B6A0610A}.Release|Any CPU.ActiveCfg = Release|Any CPU
		{38D13617-DF0C-4DA2-A7D8-0A88B6A0610A}.Release|Any CPU.Build.0 = Release|Any CPU
	EndGlobalSection
	GlobalSection(SolutionProperties) = preSolution
		HideSolutionNode = FALSE
	EndGlobalSection
	GlobalSection(ExtensibilityGlobals) = postSolution
		SolutionGuid = {462C5677-0072-4911-B8CE-C34135F9D3C1}
	EndGlobalSection
EndGlobal
